
Microsoft Visual Studio Solution File, Format Version 12.00
# Visual Studio 15
VisualStudioVersion = 15.0.28307.539
MinimumVisualStudioVersion = 10.0.40219.1
Project("{FAE04EC0-301F-11D3-BF4B-00C04F79EFBC}") = "Task1", "Task1\Task1.csproj", "{8F899360-A0D0-4C11-9587-38EB43BB6B23}"
EndProject
Project("{FAE04EC0-301F-11D3-BF4B-00C04F79EFBC}") = "MyMathLib", "MyMathLib\MyMathLib.csproj", "{452CB75B-5A8B-457A-A255-CBFDEA22644C}"
EndProject
Project("{FAE04EC0-301F-11D3-BF4B-00C04F79EFBC}") = "Task2", "Task2\Task2.csproj", "{5F48285C-658B-400E-8EDD-50992EFA836F}"
EndProject
Project("{FAE04EC0-301F-11D3-BF4B-00C04F79EFBC}") = "Task3", "Task3\Task3.csproj", "{5B8E8944-6B76-4224-9BA4-133C4219B5CE}"
EndProject
Global
	GlobalSection(SolutionConfigurationPlatforms) = preSolution
		Debug|Any CPU = Debug|Any CPU
		Release|Any CPU = Release|Any CPU
	EndGlobalSection
	GlobalSection(ProjectConfigurationPlatforms) = postSolution
		{8F899360-A0D0-4C11-9587-38EB43BB6B23}.Debug|Any CPU.ActiveCfg = Debug|Any CPU
		{8F899360-A0D0-4C11-9587-38EB43BB6B23}.Debug|Any CPU.Build.0 = Debug|Any CPU
		{8F899360-A0D0-4C11-9587-38EB43BB6B23}.Release|Any CPU.ActiveCfg = Release|Any CPU
		{8F899360-A0D0-4C11-9587-38EB43BB6B23}.Release|Any CPU.Build.0 = Release|Any CPU
		{452CB75B-5A8B-457A-A255-CBFDEA22644C}.Debug|Any CPU.ActiveCfg = Debug|Any CPU
		{452CB75B-5A8B-457A-A255-CBFDEA22644C}.Debug|Any CPU.Build.0 = Debug|Any CPU
		{452CB75B-5A8B-457A-A255-CBFDEA22644C}.Release|Any CPU.ActiveCfg = Release|Any CPU
		{452CB75B-5A8B-457A-A255-CBFDEA22644C}.Release|Any CPU.Build.0 = Release|Any CPU
		{5B8E8944-6B76-4224-9BA4-133C4219B5CE}.Debug|Any CPU.ActiveCfg = Debug|Any CPU
		{5B8E8944-6B76-4224-9BA4-133C4219B5CE}.Debug|Any CPU.Build.0 = Debug|Any CPU
		{5B8E8944-6B76-4224-9BA4-133C4219B5CE}.Release|Any CPU.ActiveCfg = Release|Any CPU
		{5B8E8944-6B76-4224-9BA4-133C4219B5CE}.Release|Any CPU.Build.0 = Release|Any CPU
		{5F48285C-658B-400E-8EDD-50992EFA836F}.Debug|Any CPU.ActiveCfg = Debug|Any CPU
		{5F48285C-658B-400E-8EDD-50992EFA836F}.Debug|Any CPU.Build.0 = Debug|Any CPU
		{5F48285C-658B-400E-8EDD-50992EFA836F}.Release|Any CPU.ActiveCfg = Release|Any CPU
		{5F48285C-658B-400E-8EDD-50992EFA836F}.Release|Any CPU.Build.0 = Release|Any CPU
	EndGlobalSection
	GlobalSection(SolutionProperties) = preSolution
		HideSolutionNode = FALSE
	EndGlobalSection
	GlobalSection(ExtensibilityGlobals) = postSolution
		SolutionGuid = {96186062-EB98-474A-980D-91CA63BEE05F}
	EndGlobalSection
EndGlobal
