
Microsoft Visual Studio Solution File, Format Version 12.00
# Visual Studio 15
VisualStudioVersion = 15.0.28307.421
MinimumVisualStudioVersion = 10.0.40219.1
Project("{FAE04EC0-301F-11D3-BF4B-00C04F79EFBC}") = "PL.WinForms", "PL.WinForms\PL.WinForms.csproj", "{701C276E-8E49-4374-AD54-5C3B9F8420D4}"
EndProject
Project("{FAE04EC0-301F-11D3-BF4B-00C04F79EFBC}") = "Awarder.Entities", "Awarder.Entities\Awarder.Entities.csproj", "{EDA89635-9F18-4597-BDCB-56263674D696}"
EndProject
Project("{FAE04EC0-301F-11D3-BF4B-00C04F79EFBC}") = "Helpers", "Helpers\Helpers.csproj", "{2357C442-66C8-40CB-88B2-A3F7F0783DF0}"
EndProject
Project("{FAE04EC0-301F-11D3-BF4B-00C04F79EFBC}") = "BLL", "BLL\BLL.csproj", "{C6B0B61F-DA72-4A2A-91FC-93C45E057B35}"
EndProject
Project("{FAE04EC0-301F-11D3-BF4B-00C04F79EFBC}") = "DAL", "DAL\DAL.csproj", "{D224A439-6C31-4176-8AE1-34A88B5FD575}"
EndProject
Global
	GlobalSection(SolutionConfigurationPlatforms) = preSolution
		Debug|Any CPU = Debug|Any CPU
		Release|Any CPU = Release|Any CPU
	EndGlobalSection
	GlobalSection(ProjectConfigurationPlatforms) = postSolution
		{701C276E-8E49-4374-AD54-5C3B9F8420D4}.Debug|Any CPU.ActiveCfg = Debug|Any CPU
		{701C276E-8E49-4374-AD54-5C3B9F8420D4}.Debug|Any CPU.Build.0 = Debug|Any CPU
		{701C276E-8E49-4374-AD54-5C3B9F8420D4}.Release|Any CPU.ActiveCfg = Release|Any CPU
		{701C276E-8E49-4374-AD54-5C3B9F8420D4}.Release|Any CPU.Build.0 = Release|Any CPU
		{EDA89635-9F18-4597-BDCB-56263674D696}.Debug|Any CPU.ActiveCfg = Debug|Any CPU
		{EDA89635-9F18-4597-BDCB-56263674D696}.Debug|Any CPU.Build.0 = Debug|Any CPU
		{EDA89635-9F18-4597-BDCB-56263674D696}.Release|Any CPU.ActiveCfg = Release|Any CPU
		{EDA89635-9F18-4597-BDCB-56263674D696}.Release|Any CPU.Build.0 = Release|Any CPU
		{2357C442-66C8-40CB-88B2-A3F7F0783DF0}.Debug|Any CPU.ActiveCfg = Debug|Any CPU
		{2357C442-66C8-40CB-88B2-A3F7F0783DF0}.Debug|Any CPU.Build.0 = Debug|Any CPU
		{2357C442-66C8-40CB-88B2-A3F7F0783DF0}.Release|Any CPU.ActiveCfg = Release|Any CPU
		{2357C442-66C8-40CB-88B2-A3F7F0783DF0}.Release|Any CPU.Build.0 = Release|Any CPU
		{C6B0B61F-DA72-4A2A-91FC-93C45E057B35}.Debug|Any CPU.ActiveCfg = Debug|Any CPU
		{C6B0B61F-DA72-4A2A-91FC-93C45E057B35}.Debug|Any CPU.Build.0 = Debug|Any CPU
		{C6B0B61F-DA72-4A2A-91FC-93C45E057B35}.Release|Any CPU.ActiveCfg = Release|Any CPU
		{C6B0B61F-DA72-4A2A-91FC-93C45E057B35}.Release|Any CPU.Build.0 = Release|Any CPU
		{D224A439-6C31-4176-8AE1-34A88B5FD575}.Debug|Any CPU.ActiveCfg = Debug|Any CPU
		{D224A439-6C31-4176-8AE1-34A88B5FD575}.Debug|Any CPU.Build.0 = Debug|Any CPU
		{D224A439-6C31-4176-8AE1-34A88B5FD575}.Release|Any CPU.ActiveCfg = Release|Any CPU
		{D224A439-6C31-4176-8AE1-34A88B5FD575}.Release|Any CPU.Build.0 = Release|Any CPU
		{20404D40-709C-4975-AF1E-B39B59B1B0E7}.Debug|Any CPU.ActiveCfg = Debug|Any CPU
		{20404D40-709C-4975-AF1E-B39B59B1B0E7}.Debug|Any CPU.Build.0 = Debug|Any CPU
		{20404D40-709C-4975-AF1E-B39B59B1B0E7}.Release|Any CPU.ActiveCfg = Release|Any CPU
		{20404D40-709C-4975-AF1E-B39B59B1B0E7}.Release|Any CPU.Build.0 = Release|Any CPU
	EndGlobalSection
	GlobalSection(SolutionProperties) = preSolution
		HideSolutionNode = FALSE
	EndGlobalSection
	GlobalSection(ExtensibilityGlobals) = postSolution
		SolutionGuid = {96186062-EB98-474A-980D-91CA63BEE05F}
	EndGlobalSection
EndGlobal
