
Microsoft Visual Studio Solution File, Format Version 12.00
# Visual Studio 15
VisualStudioVersion = 15.0.28307.421
MinimumVisualStudioVersion = 10.0.40219.1
Project("{FAE04EC0-301F-11D3-BF4B-00C04F79EFBC}") = "MyTests", "MyTests\MyTests.csproj", "{24A199EF-B4E6-4E07-98B6-1C6DED5EB172}"
EndProject
Project("{FAE04EC0-301F-11D3-BF4B-00C04F79EFBC}") = "Task1", "Task1\Task1.csproj", "{F3D62B4E-0510-4674-8B81-F0B435F6A6D7}"
EndProject
Global
	GlobalSection(SolutionConfigurationPlatforms) = preSolution
		Debug|Any CPU = Debug|Any CPU
		Release|Any CPU = Release|Any CPU
	EndGlobalSection
	GlobalSection(ProjectConfigurationPlatforms) = postSolution
		{24A199EF-B4E6-4E07-98B6-1C6DED5EB172}.Debug|Any CPU.ActiveCfg = Debug|Any CPU
		{24A199EF-B4E6-4E07-98B6-1C6DED5EB172}.Debug|Any CPU.Build.0 = Debug|Any CPU
		{24A199EF-B4E6-4E07-98B6-1C6DED5EB172}.Release|Any CPU.ActiveCfg = Release|Any CPU
		{24A199EF-B4E6-4E07-98B6-1C6DED5EB172}.Release|Any CPU.Build.0 = Release|Any CPU
		{F3D62B4E-0510-4674-8B81-F0B435F6A6D7}.Debug|Any CPU.ActiveCfg = Debug|Any CPU
		{F3D62B4E-0510-4674-8B81-F0B435F6A6D7}.Debug|Any CPU.Build.0 = Debug|Any CPU
		{F3D62B4E-0510-4674-8B81-F0B435F6A6D7}.Release|Any CPU.ActiveCfg = Release|Any CPU
		{F3D62B4E-0510-4674-8B81-F0B435F6A6D7}.Release|Any CPU.Build.0 = Release|Any CPU
	EndGlobalSection
	GlobalSection(SolutionProperties) = preSolution
		HideSolutionNode = FALSE
	EndGlobalSection
	GlobalSection(ExtensibilityGlobals) = postSolution
		SolutionGuid = {96186062-EB98-474A-980D-91CA63BEE05F}
	EndGlobalSection
EndGlobal
